
Microsoft Visual Studio Solution File, Format Version 12.00
# Visual Studio Version 17
VisualStudioVersion = 17.7.34031.279
MinimumVisualStudioVersion = 10.0.40219.1
Project("{FAE04EC0-301F-11D3-BF4B-00C04F79EFBC}") = "Proje2", "Proje2.csproj", "{680CF8C9-F2CF-4959-B205-C02E534FEE1D}"
EndProject
Global
	GlobalSection(SolutionConfigurationPlatforms) = preSolution
		Debug|Any CPU = Debug|Any CPU
		Release|Any CPU = Release|Any CPU
	EndGlobalSection
	GlobalSection(ProjectConfigurationPlatforms) = postSolution
		{680CF8C9-F2CF-4959-B205-C02E534FEE1D}.Debug|Any CPU.ActiveCfg = Debug|Any CPU
		{680CF8C9-F2CF-4959-B205-C02E534FEE1D}.Debug|Any CPU.Build.0 = Debug|Any CPU
		{680CF8C9-F2CF-4959-B205-C02E534FEE1D}.Release|Any CPU.ActiveCfg = Release|Any CPU
		{680CF8C9-F2CF-4959-B205-C02E534FEE1D}.Release|Any CPU.Build.0 = Release|Any CPU
	EndGlobalSection
	GlobalSection(SolutionProperties) = preSolution
		HideSolutionNode = FALSE
	EndGlobalSection
	GlobalSection(ExtensibilityGlobals) = postSolution
		SolutionGuid = {386BFD2A-2018-4AB2-9EA1-2A1ADEF666C9}
	EndGlobalSection
EndGlobal
